# THIS IS AN AUTOGENERATED FILE. DO NOT EDIT THIS FILE DIRECTLY.
# yarn lockfile v1


jquery-knob@^1.2.11:
  version "1.2.11"
  resolved "https://registry.yarnpkg.com/jquery-knob/-/jquery-knob-1.2.11.tgz#f37c39dbc1c7a6a6c12cdb2ed4f6bffb683f10d6"
  integrity sha1-83w528HHpqbBLNsu1Pa/+2g/ENY=

jquery@^3.3.1:
  version "3.3.1"
  resolved "https://registry.yarnpkg.com/jquery/-/jquery-3.3.1.tgz#958ce29e81c9790f31be7792df5d4d95fc57fbca"
  integrity sha512-Ubldcmxp5np52/ENotGxlLe6aGMvmF4R8S6tZjsP6Knsaxd/xp3Zrh50cG93lR6nPXyUFwzN3ZSOQI0wRJNdGg==
